
Microsoft Visual Studio Solution File, Format Version 12.00
# Visual Studio Version 17
VisualStudioVersion = 17.8.34408.163
MinimumVisualStudioVersion = 10.0.40219.1
Project("{FAE04EC0-301F-11D3-BF4B-00C04F79EFBC}") = "SIstemaVentas.DAL", "SIstemaVentas.DAL\SIstemaVentas.DAL.csproj", "{B7F0B118-4EA7-43A5-A5C5-393CA03383E9}"
EndProject
Project("{FAE04EC0-301F-11D3-BF4B-00C04F79EFBC}") = "SistemaVentas.BSS", "SistemaVentas.BSS\SistemaVentas.BSS.csproj", "{8D4A5CE4-147C-4F34-8125-92F6601DC2D9}"
EndProject
Project("{FAE04EC0-301F-11D3-BF4B-00C04F79EFBC}") = "SistemaVentas.Modelos", "SistemaVentas.Modelos\SistemaVentas.Modelos.csproj", "{373E5988-9674-4532-95F7-C530CDD0E1B5}"
EndProject
Project("{FAE04EC0-301F-11D3-BF4B-00C04F79EFBC}") = "SistemaVentas.Vista", "SistemaVentas.Vista\SistemaVentas.Vista.csproj", "{DD9F8768-5819-489A-A60E-C22B46796F36}"
EndProject
Global
	GlobalSection(SolutionConfigurationPlatforms) = preSolution
		Debug|Any CPU = Debug|Any CPU
		Release|Any CPU = Release|Any CPU
	EndGlobalSection
	GlobalSection(ProjectConfigurationPlatforms) = postSolution
		{B7F0B118-4EA7-43A5-A5C5-393CA03383E9}.Debug|Any CPU.ActiveCfg = Debug|Any CPU
		{B7F0B118-4EA7-43A5-A5C5-393CA03383E9}.Debug|Any CPU.Build.0 = Debug|Any CPU
		{B7F0B118-4EA7-43A5-A5C5-393CA03383E9}.Release|Any CPU.ActiveCfg = Release|Any CPU
		{B7F0B118-4EA7-43A5-A5C5-393CA03383E9}.Release|Any CPU.Build.0 = Release|Any CPU
		{8D4A5CE4-147C-4F34-8125-92F6601DC2D9}.Debug|Any CPU.ActiveCfg = Debug|Any CPU
		{8D4A5CE4-147C-4F34-8125-92F6601DC2D9}.Debug|Any CPU.Build.0 = Debug|Any CPU
		{8D4A5CE4-147C-4F34-8125-92F6601DC2D9}.Release|Any CPU.ActiveCfg = Release|Any CPU
		{8D4A5CE4-147C-4F34-8125-92F6601DC2D9}.Release|Any CPU.Build.0 = Release|Any CPU
		{373E5988-9674-4532-95F7-C530CDD0E1B5}.Debug|Any CPU.ActiveCfg = Debug|Any CPU
		{373E5988-9674-4532-95F7-C530CDD0E1B5}.Debug|Any CPU.Build.0 = Debug|Any CPU
		{373E5988-9674-4532-95F7-C530CDD0E1B5}.Release|Any CPU.ActiveCfg = Release|Any CPU
		{373E5988-9674-4532-95F7-C530CDD0E1B5}.Release|Any CPU.Build.0 = Release|Any CPU
		{DD9F8768-5819-489A-A60E-C22B46796F36}.Debug|Any CPU.ActiveCfg = Debug|Any CPU
		{DD9F8768-5819-489A-A60E-C22B46796F36}.Debug|Any CPU.Build.0 = Debug|Any CPU
		{DD9F8768-5819-489A-A60E-C22B46796F36}.Release|Any CPU.ActiveCfg = Release|Any CPU
		{DD9F8768-5819-489A-A60E-C22B46796F36}.Release|Any CPU.Build.0 = Release|Any CPU
	EndGlobalSection
	GlobalSection(SolutionProperties) = preSolution
		HideSolutionNode = FALSE
	EndGlobalSection
	GlobalSection(ExtensibilityGlobals) = postSolution
		SolutionGuid = {0B31CABA-EDC5-4006-A22A-6B5EB5A02EBF}
	EndGlobalSection
EndGlobal
